
Microsoft Visual Studio Solution File, Format Version 12.00
# Visual Studio Version 17
VisualStudioVersion = 17.4.33213.308
MinimumVisualStudioVersion = 10.0.40219.1
Project("{FAE04EC0-301F-11D3-BF4B-00C04F79EFBC}") = "WSHAppDB", "WSHAppDB\WSHAppDB.csproj", "{D5B46806-CE08-475E-B324-743084AD3386}"
EndProject
Project("{FAE04EC0-301F-11D3-BF4B-00C04F79EFBC}") = "WSHAppAPI", "WSHAppAPI\WSHAppAPI.csproj", "{D0000C3B-ABD4-4417-881E-35D343FF95E7}"
EndProject
Global
	GlobalSection(SolutionConfigurationPlatforms) = preSolution
		Debug|Any CPU = Debug|Any CPU
		Release|Any CPU = Release|Any CPU
	EndGlobalSection
	GlobalSection(ProjectConfigurationPlatforms) = postSolution
		{D5B46806-CE08-475E-B324-743084AD3386}.Debug|Any CPU.ActiveCfg = Debug|Any CPU
		{D5B46806-CE08-475E-B324-743084AD3386}.Debug|Any CPU.Build.0 = Debug|Any CPU
		{D5B46806-CE08-475E-B324-743084AD3386}.Release|Any CPU.ActiveCfg = Release|Any CPU
		{D5B46806-CE08-475E-B324-743084AD3386}.Release|Any CPU.Build.0 = Release|Any CPU
		{D0000C3B-ABD4-4417-881E-35D343FF95E7}.Debug|Any CPU.ActiveCfg = Debug|Any CPU
		{D0000C3B-ABD4-4417-881E-35D343FF95E7}.Debug|Any CPU.Build.0 = Debug|Any CPU
		{D0000C3B-ABD4-4417-881E-35D343FF95E7}.Release|Any CPU.ActiveCfg = Release|Any CPU
		{D0000C3B-ABD4-4417-881E-35D343FF95E7}.Release|Any CPU.Build.0 = Release|Any CPU
	EndGlobalSection
	GlobalSection(SolutionProperties) = preSolution
		HideSolutionNode = FALSE
	EndGlobalSection
	GlobalSection(ExtensibilityGlobals) = postSolution
		SolutionGuid = {DE52ECA5-6CF8-4662-A080-AF1852EB0AA3}
	EndGlobalSection
EndGlobal
